
Microsoft Visual Studio Solution File, Format Version 12.00
# Visual Studio Version 16
VisualStudioVersion = 16.0.31424.327
MinimumVisualStudioVersion = 10.0.40219.1
Project("{FAE04EC0-301F-11D3-BF4B-00C04F79EFBC}") = "SM.NgexTooltip.Web", "SM.NgexTooltip.Web\SM.NgexTooltip.Web.csproj", "{A539FD1D-42E5-4FF7-AE85-CC0245A57F3F}"
EndProject
Global
	GlobalSection(SolutionConfigurationPlatforms) = preSolution
		Debug|Any CPU = Debug|Any CPU
		Release|Any CPU = Release|Any CPU
	EndGlobalSection
	GlobalSection(ProjectConfigurationPlatforms) = postSolution
		{A539FD1D-42E5-4FF7-AE85-CC0245A57F3F}.Debug|Any CPU.ActiveCfg = Debug|Any CPU
		{A539FD1D-42E5-4FF7-AE85-CC0245A57F3F}.Debug|Any CPU.Build.0 = Debug|Any CPU
		{A539FD1D-42E5-4FF7-AE85-CC0245A57F3F}.Release|Any CPU.ActiveCfg = Release|Any CPU
		{A539FD1D-42E5-4FF7-AE85-CC0245A57F3F}.Release|Any CPU.Build.0 = Release|Any CPU
	EndGlobalSection
	GlobalSection(SolutionProperties) = preSolution
		HideSolutionNode = FALSE
	EndGlobalSection
	GlobalSection(ExtensibilityGlobals) = postSolution
		SolutionGuid = {EE702384-8609-4367-B45D-45F034612F71}
	EndGlobalSection
EndGlobal
